
Microsoft Visual Studio Solution File, Format Version 12.00
# Visual Studio Version 16
VisualStudioVersion = 16.0.32413.511
MinimumVisualStudioVersion = 10.0.40219.1
Project("{FAE04EC0-301F-11D3-BF4B-00C04F79EFBC}") = "StockPortfolio", "StockPortfolio.csproj", "{36580E9A-1858-420B-923B-A3C88B480EFF}"
EndProject
Global
	GlobalSection(SolutionConfigurationPlatforms) = preSolution
		Debug|Any CPU = Debug|Any CPU
		Release|Any CPU = Release|Any CPU
	EndGlobalSection
	GlobalSection(ProjectConfigurationPlatforms) = postSolution
		{36580E9A-1858-420B-923B-A3C88B480EFF}.Debug|Any CPU.ActiveCfg = Debug|Any CPU
		{36580E9A-1858-420B-923B-A3C88B480EFF}.Debug|Any CPU.Build.0 = Debug|Any CPU
		{36580E9A-1858-420B-923B-A3C88B480EFF}.Release|Any CPU.ActiveCfg = Release|Any CPU
		{36580E9A-1858-420B-923B-A3C88B480EFF}.Release|Any CPU.Build.0 = Release|Any CPU
	EndGlobalSection
	GlobalSection(SolutionProperties) = preSolution
		HideSolutionNode = FALSE
	EndGlobalSection
	GlobalSection(ExtensibilityGlobals) = postSolution
		SolutionGuid = {26448780-FCEE-45B1-B842-95A3DE0FC352}
	EndGlobalSection
EndGlobal
